
Microsoft Visual Studio Solution File, Format Version 12.00
# Visual Studio Version 17
VisualStudioVersion = 17.9.34701.34
MinimumVisualStudioVersion = 10.0.40219.1
Project("{9A19103F-16F7-4668-BE54-9A1E7A4F7556}") = "FavoritesMenu", "src\FavoritesMenu\FavoritesMenu.csproj", "{F3EA4B73-9CB2-4DC5-8D4E-A57CAB7BDFCC}"
EndProject
Project("{B7DD6F7E-DEF8-4E67-B5B7-07EF123DB6F0}") = "Setup", "src\Setup\Setup.wixproj", "{52BC5D17-B1F5-4764-81B7-BE4DEB22C2DE}"
EndProject
Project("{2150E333-8FDC-42A3-9474-1A3956D46DE8}") = ".msbuild", ".msbuild", "{B7A6E806-8467-4941-B305-2F0E9D8FF01D}"
	ProjectSection(SolutionItems) = preProject
		Directory.Build.props = Directory.Build.props
	EndProjectSection
EndProject
Global
	GlobalSection(SolutionConfigurationPlatforms) = preSolution
		Debug|x64 = Debug|x64
		Release|x64 = Release|x64
		Release-Standalone|x64 = Release-Standalone|x64
	EndGlobalSection
	GlobalSection(ProjectConfigurationPlatforms) = postSolution
		{F3EA4B73-9CB2-4DC5-8D4E-A57CAB7BDFCC}.Debug|x64.ActiveCfg = Debug|x64
		{F3EA4B73-9CB2-4DC5-8D4E-A57CAB7BDFCC}.Debug|x64.Build.0 = Debug|x64
		{F3EA4B73-9CB2-4DC5-8D4E-A57CAB7BDFCC}.Release|x64.ActiveCfg = Release|x64
		{F3EA4B73-9CB2-4DC5-8D4E-A57CAB7BDFCC}.Release-Standalone|x64.ActiveCfg = Release|x64
		{F3EA4B73-9CB2-4DC5-8D4E-A57CAB7BDFCC}.Release-Standalone|x64.Build.0 = Release|x64
		{52BC5D17-B1F5-4764-81B7-BE4DEB22C2DE}.Debug|x64.ActiveCfg = Debug|x64
		{52BC5D17-B1F5-4764-81B7-BE4DEB22C2DE}.Debug|x64.Build.0 = Debug|x64
		{52BC5D17-B1F5-4764-81B7-BE4DEB22C2DE}.Release|x64.ActiveCfg = Release|x64
		{52BC5D17-B1F5-4764-81B7-BE4DEB22C2DE}.Release|x64.Build.0 = Release|x64
		{52BC5D17-B1F5-4764-81B7-BE4DEB22C2DE}.Release-Standalone|x64.ActiveCfg = Release-Standalone|x64
		{52BC5D17-B1F5-4764-81B7-BE4DEB22C2DE}.Release-Standalone|x64.Build.0 = Release-Standalone|x64
	EndGlobalSection
	GlobalSection(SolutionProperties) = preSolution
		HideSolutionNode = FALSE
	EndGlobalSection
	GlobalSection(ExtensibilityGlobals) = postSolution
		SolutionGuid = {20740C8D-445C-455B-8651-291185F6FC2A}
	EndGlobalSection
EndGlobal
